
Microsoft Visual Studio Solution File, Format Version 12.00
# Visual Studio Version 17
VisualStudioVersion = 17.13.35931.197
MinimumVisualStudioVersion = 10.0.40219.1
Project("{FAE04EC0-301F-11D3-BF4B-00C04F79EFBC}") = "Ecommerce.Shared", "Ecommerce.Shared\Ecommerce.Shared.csproj", "{18FC82AF-2880-4BF1-87C8-234274C3FD7A}"
EndProject
Project("{FAE04EC0-301F-11D3-BF4B-00C04F79EFBC}") = "Ecommerce.Backend", "Ecommerce.Backend\Ecommerce.Backend.csproj", "{9B480FAD-3B08-4358-AAA7-1B7527D646E5}"
EndProject
Project("{FAE04EC0-301F-11D3-BF4B-00C04F79EFBC}") = "Ecommerce.Frontend", "Ecommerce.Frontend\Ecommerce.Frontend.csproj", "{2A9F2671-D69A-4FCF-A2C5-6D56B692F154}"
EndProject
Global
	GlobalSection(SolutionConfigurationPlatforms) = preSolution
		Debug|Any CPU = Debug|Any CPU
		Release|Any CPU = Release|Any CPU
	EndGlobalSection
	GlobalSection(ProjectConfigurationPlatforms) = postSolution
		{18FC82AF-2880-4BF1-87C8-234274C3FD7A}.Debug|Any CPU.ActiveCfg = Debug|Any CPU
		{18FC82AF-2880-4BF1-87C8-234274C3FD7A}.Debug|Any CPU.Build.0 = Debug|Any CPU
		{18FC82AF-2880-4BF1-87C8-234274C3FD7A}.Release|Any CPU.ActiveCfg = Release|Any CPU
		{18FC82AF-2880-4BF1-87C8-234274C3FD7A}.Release|Any CPU.Build.0 = Release|Any CPU
		{9B480FAD-3B08-4358-AAA7-1B7527D646E5}.Debug|Any CPU.ActiveCfg = Debug|Any CPU
		{9B480FAD-3B08-4358-AAA7-1B7527D646E5}.Debug|Any CPU.Build.0 = Debug|Any CPU
		{9B480FAD-3B08-4358-AAA7-1B7527D646E5}.Release|Any CPU.ActiveCfg = Release|Any CPU
		{9B480FAD-3B08-4358-AAA7-1B7527D646E5}.Release|Any CPU.Build.0 = Release|Any CPU
		{2A9F2671-D69A-4FCF-A2C5-6D56B692F154}.Debug|Any CPU.ActiveCfg = Debug|Any CPU
		{2A9F2671-D69A-4FCF-A2C5-6D56B692F154}.Debug|Any CPU.Build.0 = Debug|Any CPU
		{2A9F2671-D69A-4FCF-A2C5-6D56B692F154}.Release|Any CPU.ActiveCfg = Release|Any CPU
		{2A9F2671-D69A-4FCF-A2C5-6D56B692F154}.Release|Any CPU.Build.0 = Release|Any CPU
	EndGlobalSection
	GlobalSection(SolutionProperties) = preSolution
		HideSolutionNode = FALSE
	EndGlobalSection
	GlobalSection(ExtensibilityGlobals) = postSolution
		SolutionGuid = {C66BBC54-EA12-4D87-9DE5-338C93BBAA13}
	EndGlobalSection
EndGlobal
